
Microsoft Visual Studio Solution File, Format Version 12.00
# Visual Studio Version 16
VisualStudioVersion = 16.0.30114.105
MinimumVisualStudioVersion = 10.0.40219.1
Project("{FAE04EC0-301F-11D3-BF4B-00C04F79EFBC}") = "API", "API\API.csproj", "{83B39CF8-9995-48B4-8D29-60308F76E09F}"
EndProject
Project("{FAE04EC0-301F-11D3-BF4B-00C04F79EFBC}") = "Application", "Application\Application.csproj", "{7A45C9C4-A163-4DAA-8D0E-6965E50D5A16}"
EndProject
Project("{FAE04EC0-301F-11D3-BF4B-00C04F79EFBC}") = "Persistence", "Persistence\Persistence.csproj", "{22858D2F-0193-4D8D-91EB-C48F3D94322E}"
EndProject
Project("{FAE04EC0-301F-11D3-BF4B-00C04F79EFBC}") = "Domain", "Domain\Domain.csproj", "{2D1DCB5E-AD23-4BC3-AAE6-0954C79C87A2}"
EndProject
Global
	GlobalSection(SolutionConfigurationPlatforms) = preSolution
		Debug|Any CPU = Debug|Any CPU
		Debug|x64 = Debug|x64
		Debug|x86 = Debug|x86
		Release|Any CPU = Release|Any CPU
		Release|x64 = Release|x64
		Release|x86 = Release|x86
	EndGlobalSection
	GlobalSection(SolutionProperties) = preSolution
		HideSolutionNode = FALSE
	EndGlobalSection
	GlobalSection(ProjectConfigurationPlatforms) = postSolution
		{83B39CF8-9995-48B4-8D29-60308F76E09F}.Debug|Any CPU.ActiveCfg = Debug|Any CPU
		{83B39CF8-9995-48B4-8D29-60308F76E09F}.Debug|Any CPU.Build.0 = Debug|Any CPU
		{83B39CF8-9995-48B4-8D29-60308F76E09F}.Debug|x64.ActiveCfg = Debug|Any CPU
		{83B39CF8-9995-48B4-8D29-60308F76E09F}.Debug|x64.Build.0 = Debug|Any CPU
		{83B39CF8-9995-48B4-8D29-60308F76E09F}.Debug|x86.ActiveCfg = Debug|Any CPU
		{83B39CF8-9995-48B4-8D29-60308F76E09F}.Debug|x86.Build.0 = Debug|Any CPU
		{83B39CF8-9995-48B4-8D29-60308F76E09F}.Release|Any CPU.ActiveCfg = Release|Any CPU
		{83B39CF8-9995-48B4-8D29-60308F76E09F}.Release|Any CPU.Build.0 = Release|Any CPU
		{83B39CF8-9995-48B4-8D29-60308F76E09F}.Release|x64.ActiveCfg = Release|Any CPU
		{83B39CF8-9995-48B4-8D29-60308F76E09F}.Release|x64.Build.0 = Release|Any CPU
		{83B39CF8-9995-48B4-8D29-60308F76E09F}.Release|x86.ActiveCfg = Release|Any CPU
		{83B39CF8-9995-48B4-8D29-60308F76E09F}.Release|x86.Build.0 = Release|Any CPU
		{7A45C9C4-A163-4DAA-8D0E-6965E50D5A16}.Debug|Any CPU.ActiveCfg = Debug|Any CPU
		{7A45C9C4-A163-4DAA-8D0E-6965E50D5A16}.Debug|Any CPU.Build.0 = Debug|Any CPU
		{7A45C9C4-A163-4DAA-8D0E-6965E50D5A16}.Debug|x64.ActiveCfg = Debug|Any CPU
		{7A45C9C4-A163-4DAA-8D0E-6965E50D5A16}.Debug|x64.Build.0 = Debug|Any CPU
		{7A45C9C4-A163-4DAA-8D0E-6965E50D5A16}.Debug|x86.ActiveCfg = Debug|Any CPU
		{7A45C9C4-A163-4DAA-8D0E-6965E50D5A16}.Debug|x86.Build.0 = Debug|Any CPU
		{7A45C9C4-A163-4DAA-8D0E-6965E50D5A16}.Release|Any CPU.ActiveCfg = Release|Any CPU
		{7A45C9C4-A163-4DAA-8D0E-6965E50D5A16}.Release|Any CPU.Build.0 = Release|Any CPU
		{7A45C9C4-A163-4DAA-8D0E-6965E50D5A16}.Release|x64.ActiveCfg = Release|Any CPU
		{7A45C9C4-A163-4DAA-8D0E-6965E50D5A16}.Release|x64.Build.0 = Release|Any CPU
		{7A45C9C4-A163-4DAA-8D0E-6965E50D5A16}.Release|x86.ActiveCfg = Release|Any CPU
		{7A45C9C4-A163-4DAA-8D0E-6965E50D5A16}.Release|x86.Build.0 = Release|Any CPU
		{22858D2F-0193-4D8D-91EB-C48F3D94322E}.Debug|Any CPU.ActiveCfg = Debug|Any CPU
		{22858D2F-0193-4D8D-91EB-C48F3D94322E}.Debug|Any CPU.Build.0 = Debug|Any CPU
		{22858D2F-0193-4D8D-91EB-C48F3D94322E}.Debug|x64.ActiveCfg = Debug|Any CPU
		{22858D2F-0193-4D8D-91EB-C48F3D94322E}.Debug|x64.Build.0 = Debug|Any CPU
		{22858D2F-0193-4D8D-91EB-C48F3D94322E}.Debug|x86.ActiveCfg = Debug|Any CPU
		{22858D2F-0193-4D8D-91EB-C48F3D94322E}.Debug|x86.Build.0 = Debug|Any CPU
		{22858D2F-0193-4D8D-91EB-C48F3D94322E}.Release|Any CPU.ActiveCfg = Release|Any CPU
		{22858D2F-0193-4D8D-91EB-C48F3D94322E}.Release|Any CPU.Build.0 = Release|Any CPU
		{22858D2F-0193-4D8D-91EB-C48F3D94322E}.Release|x64.ActiveCfg = Release|Any CPU
		{22858D2F-0193-4D8D-91EB-C48F3D94322E}.Release|x64.Build.0 = Release|Any CPU
		{22858D2F-0193-4D8D-91EB-C48F3D94322E}.Release|x86.ActiveCfg = Release|Any CPU
		{22858D2F-0193-4D8D-91EB-C48F3D94322E}.Release|x86.Build.0 = Release|Any CPU
		{2D1DCB5E-AD23-4BC3-AAE6-0954C79C87A2}.Debug|Any CPU.ActiveCfg = Debug|Any CPU
		{2D1DCB5E-AD23-4BC3-AAE6-0954C79C87A2}.Debug|Any CPU.Build.0 = Debug|Any CPU
		{2D1DCB5E-AD23-4BC3-AAE6-0954C79C87A2}.Debug|x64.ActiveCfg = Debug|Any CPU
		{2D1DCB5E-AD23-4BC3-AAE6-0954C79C87A2}.Debug|x64.Build.0 = Debug|Any CPU
		{2D1DCB5E-AD23-4BC3-AAE6-0954C79C87A2}.Debug|x86.ActiveCfg = Debug|Any CPU
		{2D1DCB5E-AD23-4BC3-AAE6-0954C79C87A2}.Debug|x86.Build.0 = Debug|Any CPU
		{2D1DCB5E-AD23-4BC3-AAE6-0954C79C87A2}.Release|Any CPU.ActiveCfg = Release|Any CPU
		{2D1DCB5E-AD23-4BC3-AAE6-0954C79C87A2}.Release|Any CPU.Build.0 = Release|Any CPU
		{2D1DCB5E-AD23-4BC3-AAE6-0954C79C87A2}.Release|x64.ActiveCfg = Release|Any CPU
		{2D1DCB5E-AD23-4BC3-AAE6-0954C79C87A2}.Release|x64.Build.0 = Release|Any CPU
		{2D1DCB5E-AD23-4BC3-AAE6-0954C79C87A2}.Release|x86.ActiveCfg = Release|Any CPU
		{2D1DCB5E-AD23-4BC3-AAE6-0954C79C87A2}.Release|x86.Build.0 = Release|Any CPU
	EndGlobalSection
EndGlobal
